
Microsoft Visual Studio Solution File, Format Version 12.00
# Visual Studio Version 17
VisualStudioVersion = 17.5.33530.505
MinimumVisualStudioVersion = 10.0.40219.1
Project("{FAE04EC0-301F-11D3-BF4B-00C04F79EFBC}") = "PortalWeb", "PortalWeb\PortalWeb.csproj", "{76EFDFBF-9020-4C74-B22F-10FE8ACCABB1}"
EndProject
Global
	GlobalSection(SolutionConfigurationPlatforms) = preSolution
		Debug|Any CPU = Debug|Any CPU
		Release|Any CPU = Release|Any CPU
	EndGlobalSection
	GlobalSection(ProjectConfigurationPlatforms) = postSolution
		{76EFDFBF-9020-4C74-B22F-10FE8ACCABB1}.Debug|Any CPU.ActiveCfg = Debug|Any CPU
		{76EFDFBF-9020-4C74-B22F-10FE8ACCABB1}.Debug|Any CPU.Build.0 = Debug|Any CPU
		{76EFDFBF-9020-4C74-B22F-10FE8ACCABB1}.Release|Any CPU.ActiveCfg = Release|Any CPU
		{76EFDFBF-9020-4C74-B22F-10FE8ACCABB1}.Release|Any CPU.Build.0 = Release|Any CPU
	EndGlobalSection
	GlobalSection(SolutionProperties) = preSolution
		HideSolutionNode = FALSE
	EndGlobalSection
	GlobalSection(ExtensibilityGlobals) = postSolution
		SolutionGuid = {91022D2B-4D62-436E-8F5A-E5FE71CD1ACA}
	EndGlobalSection
EndGlobal
